
Microsoft Visual Studio Solution File, Format Version 12.00
# Visual Studio 15
VisualStudioVersion = 15.0.28307.271
MinimumVisualStudioVersion = 10.0.40219.1
Project("{FAE04EC0-301F-11D3-BF4B-00C04F79EFBC}") = "SYLRandomNumber", "SYLRandomNumber\SYLRandomNumber.csproj", "{B1F71387-66FB-4D26-AA94-6ECA457A4112}"
EndProject
Global
	GlobalSection(SolutionConfigurationPlatforms) = preSolution
		Debug|Any CPU = Debug|Any CPU
		Release|Any CPU = Release|Any CPU
	EndGlobalSection
	GlobalSection(ProjectConfigurationPlatforms) = postSolution
		{B1F71387-66FB-4D26-AA94-6ECA457A4112}.Debug|Any CPU.ActiveCfg = Debug|Any CPU
		{B1F71387-66FB-4D26-AA94-6ECA457A4112}.Debug|Any CPU.Build.0 = Debug|Any CPU
		{B1F71387-66FB-4D26-AA94-6ECA457A4112}.Release|Any CPU.ActiveCfg = Release|Any CPU
		{B1F71387-66FB-4D26-AA94-6ECA457A4112}.Release|Any CPU.Build.0 = Release|Any CPU
	EndGlobalSection
	GlobalSection(SolutionProperties) = preSolution
		HideSolutionNode = FALSE
	EndGlobalSection
	GlobalSection(ExtensibilityGlobals) = postSolution
		SolutionGuid = {14A89AF8-D131-46E1-B24D-C0F66B4799AA}
	EndGlobalSection
EndGlobal
